// !$*UTF8*$!
{
	archiveVersion = 1;
	classes = {
	};
	objectVersion = 50;
	objects = {

/* Begin PBXBuildFile section */
		9118B78F25FCF33E00998B86 /* AppDelegate.swift in Sources */ = {isa = PBXBuildFile; fileRef = 9118B78E25FCF33E00998B86 /* AppDelegate.swift */; };
		9118B79125FCF33E00998B86 /* SceneDelegate.swift in Sources */ = {isa = PBXBuildFile; fileRef = 9118B79025FCF33E00998B86 /* SceneDelegate.swift */; };
		9118B79325FCF33E00998B86 /* WelcomeVC.swift in Sources */ = {isa = PBXBuildFile; fileRef = 9118B79225FCF33E00998B86 /* WelcomeVC.swift */; };
		9118B79625FCF33E00998B86 /* Main.storyboard in Resources */ = {isa = PBXBuildFile; fileRef = 9118B79425FCF33E00998B86 /* Main.storyboard */; };
		9118B79825FCF33F00998B86 /* Assets.xcassets in Resources */ = {isa = PBXBuildFile; fileRef = 9118B79725FCF33F00998B86 /* Assets.xcassets */; };
		9118B79B25FCF33F00998B86 /* LaunchScreen.storyboard in Resources */ = {isa = PBXBuildFile; fileRef = 9118B79925FCF33F00998B86 /* LaunchScreen.storyboard */; };
		9118B7C525FD005600998B86 /* BorderButton.swift in Sources */ = {isa = PBXBuildFile; fileRef = 9118B7C425FD005600998B86 /* BorderButton.swift */; };
		9118B7CE25FD2EB500998B86 /* LeagueVC.swift in Sources */ = {isa = PBXBuildFile; fileRef = 9118B7CD25FD2EB500998B86 /* LeagueVC.swift */; };
		9118B7D125FD2ED800998B86 /* SkillVC.swift in Sources */ = {isa = PBXBuildFile; fileRef = 9118B7D025FD2ED800998B86 /* SkillVC.swift */; };
		9118B7D425FD35ED00998B86 /* Player.swift in Sources */ = {isa = PBXBuildFile; fileRef = 9118B7D325FD35ED00998B86 /* Player.swift */; };
/* End PBXBuildFile section */

/* Begin PBXFileReference section */
		9118B78B25FCF33E00998B86 /* swoosh-app.app */ = {isa = PBXFileReference; explicitFileType = wrapper.application; includeInIndex = 0; path = "swoosh-app.app"; sourceTree = BUILT_PRODUCTS_DIR; };
		9118B78E25FCF33E00998B86 /* AppDelegate.swift */ = {isa = PBXFileReference; lastKnownFileType = sourcecode.swift; path = AppDelegate.swift; sourceTree = "<group>"; };
		9118B79025FCF33E00998B86 /* SceneDelegate.swift */ = {isa = PBXFileReference; lastKnownFileType = sourcecode.swift; path = SceneDelegate.swift; sourceTree = "<group>"; };
		9118B79225FCF33E00998B86 /* WelcomeVC.swift */ = {isa = PBXFileReference; lastKnownFileType = sourcecode.swift; path = WelcomeVC.swift; sourceTree = "<group>"; };
		9118B79525FCF33E00998B86 /* Base */ = {isa = PBXFileReference; lastKnownFileType = file.storyboard; name = Base; path = Base.lproj/Main.storyboard; sourceTree = "<group>"; };
		9118B79725FCF33F00998B86 /* Assets.xcassets */ = {isa = PBXFileReference; lastKnownFileType = folder.assetcatalog; path = Assets.xcassets; sourceTree = "<group>"; };
		9118B79A25FCF33F00998B86 /* Base */ = {isa = PBXFileReference; lastKnownFileType = file.storyboard; name = Base; path = Base.lproj/LaunchScreen.storyboard; sourceTree = "<group>"; };
		9118B79C25FCF33F00998B86 /* Info.plist */ = {isa = PBXFileReference; lastKnownFileType = text.plist.xml; path = Info.plist; sourceTree = "<group>"; };
		9118B7C425FD005600998B86 /* BorderButton.swift */ = {isa = PBXFileReference; lastKnownFileType = sourcecode.swift; path = BorderButton.swift; sourceTree = "<group>"; };
		9118B7CD25FD2EB500998B86 /* LeagueVC.swift */ = {isa = PBXFileReference; lastKnownFileType = sourcecode.swift; path = LeagueVC.swift; sourceTree = "<group>"; };
		9118B7D025FD2ED800998B86 /* SkillVC.swift */ = {isa = PBXFileReference; lastKnownFileType = sourcecode.swift; path = SkillVC.swift; sourceTree = "<group>"; };
		9118B7D325FD35ED00998B86 /* Player.swift */ = {isa = PBXFileReference; lastKnownFileType = sourcecode.swift; path = Player.swift; sourceTree = "<group>"; };
/* End PBXFileReference section */

/* Begin PBXFrameworksBuildPhase section */
		9118B78825FCF33E00998B86 /* Frameworks */ = {
			isa = PBXFrameworksBuildPhase;
			buildActionMask = 2147483647;
			files = (
			);
			runOnlyForDeploymentPostprocessing = 0;
		};
/* End PBXFrameworksBuildPhase section */

/* Begin PBXGroup section */
		9118B78225FCF33E00998B86 = {
			isa = PBXGroup;
			children = (
				9118B78D25FCF33E00998B86 /* swoosh-app */,
				9118B78C25FCF33E00998B86 /* Products */,
			);
			sourceTree = "<group>";
		};
		9118B78C25FCF33E00998B86 /* Products */ = {
			isa = PBXGroup;
			children = (
				9118B78B25FCF33E00998B86 /* swoosh-app.app */,
			);
			name = Products;
			sourceTree = "<group>";
		};
		9118B78D25FCF33E00998B86 /* swoosh-app */ = {
			isa = PBXGroup;
			children = (
				9118B7CA25FD2D9A00998B86 /* Model */,
				9118B7C925FD2D7B00998B86 /* Controller */,
				9118B7C325FCFFE600998B86 /* View */,
				9118B78E25FCF33E00998B86 /* AppDelegate.swift */,
				9118B79025FCF33E00998B86 /* SceneDelegate.swift */,
				9118B79425FCF33E00998B86 /* Main.storyboard */,
				9118B79725FCF33F00998B86 /* Assets.xcassets */,
				9118B79925FCF33F00998B86 /* LaunchScreen.storyboard */,
				9118B79C25FCF33F00998B86 /* Info.plist */,
			);
			path = "swoosh-app";
			sourceTree = "<group>";
		};
		9118B7C325FCFFE600998B86 /* View */ = {
			isa = PBXGroup;
			children = (
				9118B7C425FD005600998B86 /* BorderButton.swift */,
			);
			path = View;
			sourceTree = "<group>";
		};
		9118B7C925FD2D7B00998B86 /* Controller */ = {
			isa = PBXGroup;
			children = (
				9118B79225FCF33E00998B86 /* WelcomeVC.swift */,
				9118B7CD25FD2EB500998B86 /* LeagueVC.swift */,
				9118B7D025FD2ED800998B86 /* SkillVC.swift */,
			);
			path = Controller;
			sourceTree = "<group>";
		};
		9118B7CA25FD2D9A00998B86 /* Model */ = {
			isa = PBXGroup;
			children = (
				9118B7D325FD35ED00998B86 /* Player.swift */,
			);
			path = Model;
			sourceTree = "<group>";
		};
/* End PBXGroup section */

/* Begin PBXNativeTarget section */
		9118B78A25FCF33E00998B86 /* swoosh-app */ = {
			isa = PBXNativeTarget;
			buildConfigurationList = 9118B79F25FCF33F00998B86 /* Build configuration list for PBXNativeTarget "swoosh-app" */;
			buildPhases = (
				9118B78725FCF33E00998B86 /* Sources */,
				9118B78825FCF33E00998B86 /* Frameworks */,
				9118B78925FCF33E00998B86 /* Resources */,
			);
			buildRules = (
			);
			dependencies = (
			);
			name = "swoosh-app";
			productName = "swoosh-app";
			productReference = 9118B78B25FCF33E00998B86 /* swoosh-app.app */;
			productType = "com.apple.product-type.application";
		};
/* End PBXNativeTarget section */

/* Begin PBXProject section */
		9118B78325FCF33E00998B86 /* Project object */ = {
			isa = PBXProject;
			attributes = {
				LastSwiftUpdateCheck = 1240;
				LastUpgradeCheck = 1240;
				TargetAttributes = {
					9118B78A25FCF33E00998B86 = {
						CreatedOnToolsVersion = 12.4;
					};
				};
			};
			buildConfigurationList = 9118B78625FCF33E00998B86 /* Build configuration list for PBXProject "swoosh-app" */;
			compatibilityVersion = "Xcode 9.3";
			developmentRegion = en;
			hasScannedForEncodings = 0;
			knownRegions = (
				en,
				Base,
			);
			mainGroup = 9118B78225FCF33E00998B86;
			productRefGroup = 9118B78C25FCF33E00998B86 /* Products */;
			projectDirPath = "";
			projectRoot = "";
			targets = (
				9118B78A25FCF33E00998B86 /* swoosh-app */,
			);
		};
/* End PBXProject section */

/* Begin PBXResourcesBuildPhase section */
		9118B78925FCF33E00998B86 /* Resources */ = {
			isa = PBXResourcesBuildPhase;
			buildActionMask = 2147483647;
			files = (
				9118B79B25FCF33F00998B86 /* LaunchScreen.storyboard in Resources */,
				9118B79825FCF33F00998B86 /* Assets.xcassets in Resources */,
				9118B79625FCF33E00998B86 /* Main.storyboard in Resources */,
			);
			runOnlyForDeploymentPostprocessing = 0;
		};
/* End PBXResourcesBuildPhase section */

/* Begin PBXSourcesBuildPhase section */
		9118B78725FCF33E00998B86 /* Sources */ = {
			isa = PBXSourcesBuildPhase;
			buildActionMask = 2147483647;
			files = (
				9118B7CE25FD2EB500998B86 /* LeagueVC.swift in Sources */,
				9118B79325FCF33E00998B86 /* WelcomeVC.swift in Sources */,
				9118B78F25FCF33E00998B86 /* AppDelegate.swift in Sources */,
				9118B79125FCF33E00998B86 /* SceneDelegate.swift in Sources */,
				9118B7D425FD35ED00998B86 /* Player.swift in Sources */,
				9118B7D125FD2ED800998B86 /* SkillVC.swift in Sources */,
				9118B7C525FD005600998B86 /* BorderButton.swift in Sources */,
			);
			runOnlyForDeploymentPostprocessing = 0;
		};
/* End PBXSourcesBuildPhase section */

/* Begin PBXVariantGroup section */
		9118B79425FCF33E00998B86 /* Main.storyboard */ = {
			isa = PBXVariantGroup;
			children = (
				9118B79525FCF33E00998B86 /* Base */,
			);
			name = Main.storyboard;
			sourceTree = "<group>";
		};
		9118B79925FCF33F00998B86 /* LaunchScreen.storyboard */ = {
			isa = PBXVariantGroup;
			children = (
				9118B79A25FCF33F00998B86 /* Base */,
			);
			name = LaunchScreen.storyboard;
			sourceTree = "<group>";
		};
/* End PBXVariantGroup section */

/* Begin XCBuildConfiguration section */
		9118B79D25FCF33F00998B86 /* Debug */ = {
			isa = XCBuildConfiguration;
			buildSettings = {
				ALWAYS_SEARCH_USER_PATHS = NO;
				CLANG_ANALYZER_NONNULL = YES;
				CLANG_ANALYZER_NUMBER_OBJECT_CONVERSION = YES_AGGRESSIVE;
				CLANG_CXX_LANGUAGE_STANDARD = "gnu++14";
				CLANG_CXX_LIBRARY = "libc++";
				CLANG_ENABLE_MODULES = YES;
				CLANG_ENABLE_OBJC_ARC = YES;
				CLANG_ENABLE_OBJC_WEAK = YES;
				CLANG_WARN_BLOCK_CAPTURE_AUTORELEASING = YES;
				CLANG_WARN_BOOL_CONVERSION = YES;
				CLANG_WARN_COMMA = YES;
				CLANG_WARN_CONSTANT_CONVERSION = YES;
				CLANG_WARN_DEPRECATED_OBJC_IMPLEMENTATIONS = YES;
				CLANG_WARN_DIRECT_OBJC_ISA_USAGE = YES_ERROR;
				CLANG_WARN_DOCUMENTATION_COMMENTS = YES;
				CLANG_WARN_EMPTY_BODY = YES;
				CLANG_WARN_ENUM_CONVERSION = YES;
				CLANG_WARN_INFINITE_RECURSION = YES;
				CLANG_WARN_INT_CONVERSION = YES;
				CLANG_WARN_NON_LITERAL_NULL_CONVERSION = YES;
				CLANG_WARN_OBJC_IMPLICIT_RETAIN_SELF = YES;
				CLANG_WARN_OBJC_LITERAL_CONVERSION = YES;
				CLANG_WARN_OBJC_ROOT_CLASS = YES_ERROR;
				CLANG_WARN_QUOTED_INCLUDE_IN_FRAMEWORK_HEADER = YES;
				CLANG_WARN_RANGE_LOOP_ANALYSIS = YES;
				CLANG_WARN_STRICT_PROTOTYPES = YES;
				CLANG_WARN_SUSPICIOUS_MOVE = YES;
				CLANG_WARN_UNGUARDED_AVAILABILITY = YES_AGGRESSIVE;
				CLANG_WARN_UNREACHABLE_CODE = YES;
				CLANG_WARN__DUPLICATE_METHOD_MATCH = YES;
				COPY_PHASE_STRIP = NO;
				DEBUG_INFORMATION_FORMAT = dwarf;
				ENABLE_STRICT_OBJC_MSGSEND = YES;
				ENABLE_TESTABILITY = YES;
				GCC_C_LANGUAGE_STANDARD = gnu11;
				GCC_DYNAMIC_NO_PIC = NO;
				GCC_NO_COMMON_BLOCKS = YES;
				GCC_OPTIMIZATION_LEVEL = 0;
				GCC_PREPROCESSOR_DEFINITIONS = (
					"DEBUG=1",
					"$(inherited)",
				);
				GCC_WARN_64_TO_32_BIT_CONVERSION = YES;
				GCC_WARN_ABOUT_RETURN_TYPE = YES_ERROR;
				GCC_WARN_UNDECLARED_SELECTOR = YES;
				GCC_WARN_UNINITIALIZED_AUTOS = YES_AGGRESSIVE;
				GCC_WARN_UNUSED_FUNCTION = YES;
				GCC_WARN_UNUSED_VARIABLE = YES;
				IPHONEOS_DEPLOYMENT_TARGET = 14.4;
				MTL_ENABLE_DEBUG_INFO = INCLUDE_SOURCE;
				MTL_FAST_MATH = YES;
				ONLY_ACTIVE_ARCH = YES;
				SDKROOT = iphoneos;
				SWIFT_ACTIVE_COMPILATION_CONDITIONS = DEBUG;
				SWIFT_OPTIMIZATION_LEVEL = "-Onone";
			};
			name = Debug;
		};
		9118B79E25FCF33F00998B86 /* Release */ = {
			isa = XCBuildConfiguration;
			buildSettings = {
				ALWAYS_SEARCH_USER_PATHS = NO;
				CLANG_ANALYZER_NONNULL = YES;
				CLANG_ANALYZER_NUMBER_OBJECT_CONVERSION = YES_AGGRESSIVE;
				CLANG_CXX_LANGUAGE_STANDARD = "gnu++14";
				CLANG_CXX_LIBRARY = "libc++";
				CLANG_ENABLE_MODULES = YES;
				CLANG_ENABLE_OBJC_ARC = YES;
				CLANG_ENABLE_OBJC_WEAK = YES;
				CLANG_WARN_BLOCK_CAPTURE_AUTORELEASING = YES;
				CLANG_WARN_BOOL_CONVERSION = YES;
				CLANG_WARN_COMMA = YES;
				CLANG_WARN_CONSTANT_CONVERSION = YES;
				CLANG_WARN_DEPRECATED_OBJC_IMPLEMENTATIONS = YES;
				CLANG_WARN_DIRECT_OBJC_ISA_USAGE = YES_ERROR;
				CLANG_WARN_DOCUMENTATION_COMMENTS = YES;
				CLANG_WARN_EMPTY_BODY = YES;
				CLANG_WARN_ENUM_CONVERSION = YES;
				CLANG_WARN_INFINITE_RECURSION = YES;
				CLANG_WARN_INT_CONVERSION = YES;
				CLANG_WARN_NON_LITERAL_NULL_CONVERSION = YES;
				CLANG_WARN_OBJC_IMPLICIT_RETAIN_SELF = YES;
				CLANG_WARN_OBJC_LITERAL_CONVERSION = YES;
				CLANG_WARN_OBJC_ROOT_CLASS = YES_ERROR;
				CLANG_WARN_QUOTED_INCLUDE_IN_FRAMEWORK_HEADER = YES;
				CLANG_WARN_RANGE_LOOP_ANALYSIS = YES;
				CLANG_WARN_STRICT_PROTOTYPES = YES;
				CLANG_WARN_SUSPICIOUS_MOVE = YES;
				CLANG_WARN_UNGUARDED_AVAILABILITY = YES_AGGRESSIVE;
				CLANG_WARN_UNREACHABLE_CODE = YES;
				CLANG_WARN__DUPLICATE_METHOD_MATCH = YES;
				COPY_PHASE_STRIP = NO;
				DEBUG_INFORMATION_FORMAT = "dwarf-with-dsym";
				ENABLE_NS_ASSERTIONS = NO;
				ENABLE_STRICT_OBJC_MSGSEND = YES;
				GCC_C_LANGUAGE_STANDARD = gnu11;
				GCC_NO_COMMON_BLOCKS = YES;
				GCC_WARN_64_TO_32_BIT_CONVERSION = YES;
				GCC_WARN_ABOUT_RETURN_TYPE = YES_ERROR;
				GCC_WARN_UNDECLARED_SELECTOR = YES;
				GCC_WARN_UNINITIALIZED_AUTOS = YES_AGGRESSIVE;
				GCC_WARN_UNUSED_FUNCTION = YES;
				GCC_WARN_UNUSED_VARIABLE = YES;
				IPHONEOS_DEPLOYMENT_TARGET = 14.4;
				MTL_ENABLE_DEBUG_INFO = NO;
				MTL_FAST_MATH = YES;
				SDKROOT = iphoneos;
				SWIFT_COMPILATION_MODE = wholemodule;
				SWIFT_OPTIMIZATION_LEVEL = "-O";
				VALIDATE_PRODUCT = YES;
			};
			name = Release;
		};
		9118B7A025FCF33F00998B86 /* Debug */ = {
			isa = XCBuildConfiguration;
			buildSettings = {
				ASSETCATALOG_COMPILER_APPICON_NAME = AppIcon;
				ASSETCATALOG_COMPILER_GLOBAL_ACCENT_COLOR_NAME = AccentColor;
				CODE_SIGN_STYLE = Automatic;
				DEVELOPMENT_TEAM = 9G4L6BZGZK;
				INFOPLIST_FILE = "swoosh-app/Info.plist";
				LD_RUNPATH_SEARCH_PATHS = (
					"$(inherited)",
					"@executable_path/Frameworks",
				);
				PRODUCT_BUNDLE_IDENTIFIER = "com.r0mm4k.swoosh-app";
				PRODUCT_NAME = "$(TARGET_NAME)";
				SWIFT_VERSION = 5.0;
				TARGETED_DEVICE_FAMILY = "1,2";
			};
			name = Debug;
		};
		9118B7A125FCF33F00998B86 /* Release */ = {
			isa = XCBuildConfiguration;
			buildSettings = {
				ASSETCATALOG_COMPILER_APPICON_NAME = AppIcon;
				ASSETCATALOG_COMPILER_GLOBAL_ACCENT_COLOR_NAME = AccentColor;
				CODE_SIGN_STYLE = Automatic;
				DEVELOPMENT_TEAM = 9G4L6BZGZK;
				INFOPLIST_FILE = "swoosh-app/Info.plist";
				LD_RUNPATH_SEARCH_PATHS = (
					"$(inherited)",
					"@executable_path/Frameworks",
				);
				PRODUCT_BUNDLE_IDENTIFIER = "com.r0mm4k.swoosh-app";
				PRODUCT_NAME = "$(TARGET_NAME)";
				SWIFT_VERSION = 5.0;
				TARGETED_DEVICE_FAMILY = "1,2";
			};
			name = Release;
		};
/* End XCBuildConfiguration section */

/* Begin XCConfigurationList section */
		9118B78625FCF33E00998B86 /* Build configuration list for PBXProject "swoosh-app" */ = {
			isa = XCConfigurationList;
			buildConfigurations = (
				9118B79D25FCF33F00998B86 /* Debug */,
				9118B79E25FCF33F00998B86 /* Release */,
			);
			defaultConfigurationIsVisible = 0;
			defaultConfigurationName = Release;
		};
		9118B79F25FCF33F00998B86 /* Build configuration list for PBXNativeTarget "swoosh-app" */ = {
			isa = XCConfigurationList;
			buildConfigurations = (
				9118B7A025FCF33F00998B86 /* Debug */,
				9118B7A125FCF33F00998B86 /* Release */,
			);
			defaultConfigurationIsVisible = 0;
			defaultConfigurationName = Release;
		};
/* End XCConfigurationList section */
	};
	rootObject = 9118B78325FCF33E00998B86 /* Project object */;
}
